
Microsoft Visual Studio Solution File, Format Version 12.00
# Visual Studio Version 16
VisualStudioVersion = 16.0.30503.244
MinimumVisualStudioVersion = 10.0.40219.1
Project("{FAE04EC0-301F-11D3-BF4B-00C04F79EFBC}") = "Keno", "Keno.csproj", "{51B08289-0A83-49D2-91FD-8B95EDE50C3A}"
EndProject
Global
	GlobalSection(SolutionConfigurationPlatforms) = preSolution
		Debug|Any CPU = Debug|Any CPU
		Release|Any CPU = Release|Any CPU
	EndGlobalSection
	GlobalSection(ProjectConfigurationPlatforms) = postSolution
		{51B08289-0A83-49D2-91FD-8B95EDE50C3A}.Debug|Any CPU.ActiveCfg = Debug|Any CPU
		{51B08289-0A83-49D2-91FD-8B95EDE50C3A}.Debug|Any CPU.Build.0 = Debug|Any CPU
		{51B08289-0A83-49D2-91FD-8B95EDE50C3A}.Release|Any CPU.ActiveCfg = Release|Any CPU
		{51B08289-0A83-49D2-91FD-8B95EDE50C3A}.Release|Any CPU.Build.0 = Release|Any CPU
	EndGlobalSection
	GlobalSection(SolutionProperties) = preSolution
		HideSolutionNode = FALSE
	EndGlobalSection
	GlobalSection(ExtensibilityGlobals) = postSolution
		SolutionGuid = {FD0606DB-E828-488F-B25C-ACB1DE6BEDFD}
	EndGlobalSection
EndGlobal
